
Microsoft Visual Studio Solution File, Format Version 12.00
# Visual Studio Version 17
VisualStudioVersion = 17.10.35013.160
MinimumVisualStudioVersion = 10.0.40219.1
Project("{FAE04EC0-301F-11D3-BF4B-00C04F79EFBC}") = "ASSIGNMENT", "ASSIGNMENT\ASSIGNMENT.csproj", "{E8CB410E-B039-441B-BBD7-ED8B879196A0}"
EndProject
Global
	GlobalSection(SolutionConfigurationPlatforms) = preSolution
		Debug|Any CPU = Debug|Any CPU
		Release|Any CPU = Release|Any CPU
	EndGlobalSection
	GlobalSection(ProjectConfigurationPlatforms) = postSolution
		{E8CB410E-B039-441B-BBD7-ED8B879196A0}.Debug|Any CPU.ActiveCfg = Debug|Any CPU
		{E8CB410E-B039-441B-BBD7-ED8B879196A0}.Debug|Any CPU.Build.0 = Debug|Any CPU
		{E8CB410E-B039-441B-BBD7-ED8B879196A0}.Release|Any CPU.ActiveCfg = Release|Any CPU
		{E8CB410E-B039-441B-BBD7-ED8B879196A0}.Release|Any CPU.Build.0 = Release|Any CPU
	EndGlobalSection
	GlobalSection(SolutionProperties) = preSolution
		HideSolutionNode = FALSE
	EndGlobalSection
	GlobalSection(ExtensibilityGlobals) = postSolution
		SolutionGuid = {DE05883A-20F3-4B5D-AC67-9E4831211CE3}
	EndGlobalSection
EndGlobal
